// !$*UTF8*$!
{
	archiveVersion = 1;
	classes = {
	};
	objectVersion = 56;
	objects = {

/* Begin PBXBuildFile section */
		652571AF2B72BABD00AC05DB /* AutoScrollingTextView.swift in Sources */ = {isa = PBXBuildFile; fileRef = 652571AE2B72BABD00AC05DB /* AutoScrollingTextView.swift */; };
		65EE74742B694C2E00136185 /* SpotifyApp.swift in Sources */ = {isa = PBXBuildFile; fileRef = 65EE74732B694C2E00136185 /* SpotifyApp.swift */; };
		65EE74762B694C2E00136185 /* ContentView.swift in Sources */ = {isa = PBXBuildFile; fileRef = 65EE74752B694C2E00136185 /* ContentView.swift */; };
		65EE74782B694C3500136185 /* Assets.xcassets in Resources */ = {isa = PBXBuildFile; fileRef = 65EE74772B694C3500136185 /* Assets.xcassets */; };
		65EE747B2B694C3500136185 /* Preview Assets.xcassets in Resources */ = {isa = PBXBuildFile; fileRef = 65EE747A2B694C3500136185 /* Preview Assets.xcassets */; };
		65EE74852B694C3500136185 /* SpotifyTests.swift in Sources */ = {isa = PBXBuildFile; fileRef = 65EE74842B694C3500136185 /* SpotifyTests.swift */; };
		65EE748F2B694C3500136185 /* SpotifyUITests.swift in Sources */ = {isa = PBXBuildFile; fileRef = 65EE748E2B694C3500136185 /* SpotifyUITests.swift */; };
		65EE74912B694C3500136185 /* SpotifyUITestsLaunchTests.swift in Sources */ = {isa = PBXBuildFile; fileRef = 65EE74902B694C3500136185 /* SpotifyUITestsLaunchTests.swift */; };
		65EE74D42B6D4C0700136185 /* CustomTabBarApp.swift in Sources */ = {isa = PBXBuildFile; fileRef = 65EE74D32B6D4C0700136185 /* CustomTabBarApp.swift */; };
		65EE74D72B6D4CCA00136185 /* HeaderDataModel.swift in Sources */ = {isa = PBXBuildFile; fileRef = 65EE74D62B6D4CCA00136185 /* HeaderDataModel.swift */; };
		65EE74D92B6D4CE500136185 /* YourProgramsDataModel.swift in Sources */ = {isa = PBXBuildFile; fileRef = 65EE74D82B6D4CE500136185 /* YourProgramsDataModel.swift */; };
		65EE74DB2B6D4CFA00136185 /* ProgramsForYouDataModel.swift in Sources */ = {isa = PBXBuildFile; fileRef = 65EE74DA2B6D4CFA00136185 /* ProgramsForYouDataModel.swift */; };
		65EE74DD2B6D4D1100136185 /* PlayedRecentlyDataModel.swift in Sources */ = {isa = PBXBuildFile; fileRef = 65EE74DC2B6D4D1100136185 /* PlayedRecentlyDataModel.swift */; };
		65EE74E02B6D4D4500136185 /* HeaderDataSource.swift in Sources */ = {isa = PBXBuildFile; fileRef = 65EE74DF2B6D4D4500136185 /* HeaderDataSource.swift */; };
		65EE74E22B6D4D9800136185 /* YourProgramsDataSource.swift in Sources */ = {isa = PBXBuildFile; fileRef = 65EE74E12B6D4D9800136185 /* YourProgramsDataSource.swift */; };
		65EE74E42B6D4DCA00136185 /* ProgramsForYouDataSource.swift in Sources */ = {isa = PBXBuildFile; fileRef = 65EE74E32B6D4DCA00136185 /* ProgramsForYouDataSource.swift */; };
		65EE74E62B6D4E0400136185 /* PlayedRecentlyDataSource.swift in Sources */ = {isa = PBXBuildFile; fileRef = 65EE74E52B6D4E0400136185 /* PlayedRecentlyDataSource.swift */; };
		65EE74EA2B6E449E00136185 /* PlayedRecentlyCollectionView.swift in Sources */ = {isa = PBXBuildFile; fileRef = 65EE74E92B6E449E00136185 /* PlayedRecentlyCollectionView.swift */; };
		65EE74EC2B6E44CE00136185 /* ProgramsForYouCollectionView.swift in Sources */ = {isa = PBXBuildFile; fileRef = 65EE74EB2B6E44CE00136185 /* ProgramsForYouCollectionView.swift */; };
		65EE74EF2B6E456A00136185 /* YourProgramsCollectionView.swift in Sources */ = {isa = PBXBuildFile; fileRef = 65EE74EE2B6E456A00136185 /* YourProgramsCollectionView.swift */; };
		65EE74F22B6E45A400136185 /* HeaderCollectionView.swift in Sources */ = {isa = PBXBuildFile; fileRef = 65EE74F12B6E45A400136185 /* HeaderCollectionView.swift */; };
		65EE74F42B6FC9D400136185 /* PlayerView.swift in Sources */ = {isa = PBXBuildFile; fileRef = 65EE74F32B6FC9D400136185 /* PlayerView.swift */; };
		65EE74F62B6FCC0600136185 /* PlayerDataSource.swift in Sources */ = {isa = PBXBuildFile; fileRef = 65EE74F52B6FCC0600136185 /* PlayerDataSource.swift */; };
		65EE74F82B6FCC7300136185 /* PlayerDataModel.swift in Sources */ = {isa = PBXBuildFile; fileRef = 65EE74F72B6FCC7300136185 /* PlayerDataModel.swift */; };
/* End PBXBuildFile section */

/* Begin PBXContainerItemProxy section */
		65EE74812B694C3500136185 /* PBXContainerItemProxy */ = {
			isa = PBXContainerItemProxy;
			containerPortal = 65EE74682B694C2E00136185 /* Project object */;
			proxyType = 1;
			remoteGlobalIDString = 65EE746F2B694C2E00136185;
			remoteInfo = Spotify;
		};
		65EE748B2B694C3500136185 /* PBXContainerItemProxy */ = {
			isa = PBXContainerItemProxy;
			containerPortal = 65EE74682B694C2E00136185 /* Project object */;
			proxyType = 1;
			remoteGlobalIDString = 65EE746F2B694C2E00136185;
			remoteInfo = Spotify;
		};
/* End PBXContainerItemProxy section */

/* Begin PBXFileReference section */
		652571AE2B72BABD00AC05DB /* AutoScrollingTextView.swift */ = {isa = PBXFileReference; lastKnownFileType = sourcecode.swift; path = AutoScrollingTextView.swift; sourceTree = "<group>"; };
		65EE74702B694C2E00136185 /* Spotify.app */ = {isa = PBXFileReference; explicitFileType = wrapper.application; includeInIndex = 0; path = Spotify.app; sourceTree = BUILT_PRODUCTS_DIR; };
		65EE74732B694C2E00136185 /* SpotifyApp.swift */ = {isa = PBXFileReference; lastKnownFileType = sourcecode.swift; path = SpotifyApp.swift; sourceTree = "<group>"; };
		65EE74752B694C2E00136185 /* ContentView.swift */ = {isa = PBXFileReference; lastKnownFileType = sourcecode.swift; path = ContentView.swift; sourceTree = "<group>"; };
		65EE74772B694C3500136185 /* Assets.xcassets */ = {isa = PBXFileReference; lastKnownFileType = folder.assetcatalog; path = Assets.xcassets; sourceTree = "<group>"; };
		65EE747A2B694C3500136185 /* Preview Assets.xcassets */ = {isa = PBXFileReference; lastKnownFileType = folder.assetcatalog; path = "Preview Assets.xcassets"; sourceTree = "<group>"; };
		65EE74802B694C3500136185 /* SpotifyTests.xctest */ = {isa = PBXFileReference; explicitFileType = wrapper.cfbundle; includeInIndex = 0; path = SpotifyTests.xctest; sourceTree = BUILT_PRODUCTS_DIR; };
		65EE74842B694C3500136185 /* SpotifyTests.swift */ = {isa = PBXFileReference; lastKnownFileType = sourcecode.swift; path = SpotifyTests.swift; sourceTree = "<group>"; };
		65EE748A2B694C3500136185 /* SpotifyUITests.xctest */ = {isa = PBXFileReference; explicitFileType = wrapper.cfbundle; includeInIndex = 0; path = SpotifyUITests.xctest; sourceTree = BUILT_PRODUCTS_DIR; };
		65EE748E2B694C3500136185 /* SpotifyUITests.swift */ = {isa = PBXFileReference; lastKnownFileType = sourcecode.swift; path = SpotifyUITests.swift; sourceTree = "<group>"; };
		65EE74902B694C3500136185 /* SpotifyUITestsLaunchTests.swift */ = {isa = PBXFileReference; lastKnownFileType = sourcecode.swift; path = SpotifyUITestsLaunchTests.swift; sourceTree = "<group>"; };
		65EE74D32B6D4C0700136185 /* CustomTabBarApp.swift */ = {isa = PBXFileReference; lastKnownFileType = sourcecode.swift; path = CustomTabBarApp.swift; sourceTree = "<group>"; };
		65EE74D62B6D4CCA00136185 /* HeaderDataModel.swift */ = {isa = PBXFileReference; lastKnownFileType = sourcecode.swift; path = HeaderDataModel.swift; sourceTree = "<group>"; };
		65EE74D82B6D4CE500136185 /* YourProgramsDataModel.swift */ = {isa = PBXFileReference; lastKnownFileType = sourcecode.swift; path = YourProgramsDataModel.swift; sourceTree = "<group>"; };
		65EE74DA2B6D4CFA00136185 /* ProgramsForYouDataModel.swift */ = {isa = PBXFileReference; lastKnownFileType = sourcecode.swift; path = ProgramsForYouDataModel.swift; sourceTree = "<group>"; };
		65EE74DC2B6D4D1100136185 /* PlayedRecentlyDataModel.swift */ = {isa = PBXFileReference; lastKnownFileType = sourcecode.swift; path = PlayedRecentlyDataModel.swift; sourceTree = "<group>"; };
		65EE74DF2B6D4D4500136185 /* HeaderDataSource.swift */ = {isa = PBXFileReference; lastKnownFileType = sourcecode.swift; path = HeaderDataSource.swift; sourceTree = "<group>"; };
		65EE74E12B6D4D9800136185 /* YourProgramsDataSource.swift */ = {isa = PBXFileReference; lastKnownFileType = sourcecode.swift; path = YourProgramsDataSource.swift; sourceTree = "<group>"; };
		65EE74E32B6D4DCA00136185 /* ProgramsForYouDataSource.swift */ = {isa = PBXFileReference; lastKnownFileType = sourcecode.swift; path = ProgramsForYouDataSource.swift; sourceTree = "<group>"; };
		65EE74E52B6D4E0400136185 /* PlayedRecentlyDataSource.swift */ = {isa = PBXFileReference; lastKnownFileType = sourcecode.swift; path = PlayedRecentlyDataSource.swift; sourceTree = "<group>"; };
		65EE74E92B6E449E00136185 /* PlayedRecentlyCollectionView.swift */ = {isa = PBXFileReference; lastKnownFileType = sourcecode.swift; path = PlayedRecentlyCollectionView.swift; sourceTree = "<group>"; };
		65EE74EB2B6E44CE00136185 /* ProgramsForYouCollectionView.swift */ = {isa = PBXFileReference; lastKnownFileType = sourcecode.swift; path = ProgramsForYouCollectionView.swift; sourceTree = "<group>"; };
		65EE74EE2B6E456A00136185 /* YourProgramsCollectionView.swift */ = {isa = PBXFileReference; lastKnownFileType = sourcecode.swift; path = YourProgramsCollectionView.swift; sourceTree = "<group>"; };
		65EE74F12B6E45A400136185 /* HeaderCollectionView.swift */ = {isa = PBXFileReference; lastKnownFileType = sourcecode.swift; path = HeaderCollectionView.swift; sourceTree = "<group>"; };
		65EE74F32B6FC9D400136185 /* PlayerView.swift */ = {isa = PBXFileReference; lastKnownFileType = sourcecode.swift; path = PlayerView.swift; sourceTree = "<group>"; };
		65EE74F52B6FCC0600136185 /* PlayerDataSource.swift */ = {isa = PBXFileReference; lastKnownFileType = sourcecode.swift; path = PlayerDataSource.swift; sourceTree = "<group>"; };
		65EE74F72B6FCC7300136185 /* PlayerDataModel.swift */ = {isa = PBXFileReference; lastKnownFileType = sourcecode.swift; path = PlayerDataModel.swift; sourceTree = "<group>"; };
/* End PBXFileReference section */

/* Begin PBXFrameworksBuildPhase section */
		65EE746D2B694C2E00136185 /* Frameworks */ = {
			isa = PBXFrameworksBuildPhase;
			buildActionMask = 2147483647;
			files = (
			);
			runOnlyForDeploymentPostprocessing = 0;
		};
		65EE747D2B694C3500136185 /* Frameworks */ = {
			isa = PBXFrameworksBuildPhase;
			buildActionMask = 2147483647;
			files = (
			);
			runOnlyForDeploymentPostprocessing = 0;
		};
		65EE74872B694C3500136185 /* Frameworks */ = {
			isa = PBXFrameworksBuildPhase;
			buildActionMask = 2147483647;
			files = (
			);
			runOnlyForDeploymentPostprocessing = 0;
		};
/* End PBXFrameworksBuildPhase section */

/* Begin PBXGroup section */
		65EE74672B694C2E00136185 = {
			isa = PBXGroup;
			children = (
				65EE74722B694C2E00136185 /* Spotify */,
				65EE74832B694C3500136185 /* SpotifyTests */,
				65EE748D2B694C3500136185 /* SpotifyUITests */,
				65EE74712B694C2E00136185 /* Products */,
			);
			sourceTree = "<group>";
		};
		65EE74712B694C2E00136185 /* Products */ = {
			isa = PBXGroup;
			children = (
				65EE74702B694C2E00136185 /* Spotify.app */,
				65EE74802B694C3500136185 /* SpotifyTests.xctest */,
				65EE748A2B694C3500136185 /* SpotifyUITests.xctest */,
			);
			name = Products;
			sourceTree = "<group>";
		};
		65EE74722B694C2E00136185 /* Spotify */ = {
			isa = PBXGroup;
			children = (
				65EE74E82B6E444700136185 /* Resources */,
				65EE74E72B6E443000136185 /* View */,
				65EE74DE2B6D4D3700136185 /* DataSource */,
				65EE74D52B6D4CBF00136185 /* Models */,
				65EE74792B694C3500136185 /* Preview Content */,
			);
			path = Spotify;
			sourceTree = "<group>";
		};
		65EE74792B694C3500136185 /* Preview Content */ = {
			isa = PBXGroup;
			children = (
				65EE747A2B694C3500136185 /* Preview Assets.xcassets */,
			);
			path = "Preview Content";
			sourceTree = "<group>";
		};
		65EE74832B694C3500136185 /* SpotifyTests */ = {
			isa = PBXGroup;
			children = (
				65EE74842B694C3500136185 /* SpotifyTests.swift */,
			);
			path = SpotifyTests;
			sourceTree = "<group>";
		};
		65EE748D2B694C3500136185 /* SpotifyUITests */ = {
			isa = PBXGroup;
			children = (
				65EE748E2B694C3500136185 /* SpotifyUITests.swift */,
				65EE74902B694C3500136185 /* SpotifyUITestsLaunchTests.swift */,
			);
			path = SpotifyUITests;
			sourceTree = "<group>";
		};
		65EE74D52B6D4CBF00136185 /* Models */ = {
			isa = PBXGroup;
			children = (
				65EE74D62B6D4CCA00136185 /* HeaderDataModel.swift */,
				65EE74D82B6D4CE500136185 /* YourProgramsDataModel.swift */,
				65EE74DA2B6D4CFA00136185 /* ProgramsForYouDataModel.swift */,
				65EE74DC2B6D4D1100136185 /* PlayedRecentlyDataModel.swift */,
				65EE74F72B6FCC7300136185 /* PlayerDataModel.swift */,
			);
			path = Models;
			sourceTree = "<group>";
		};
		65EE74DE2B6D4D3700136185 /* DataSource */ = {
			isa = PBXGroup;
			children = (
				65EE74DF2B6D4D4500136185 /* HeaderDataSource.swift */,
				65EE74E12B6D4D9800136185 /* YourProgramsDataSource.swift */,
				65EE74E32B6D4DCA00136185 /* ProgramsForYouDataSource.swift */,
				65EE74E52B6D4E0400136185 /* PlayedRecentlyDataSource.swift */,
				65EE74F52B6FCC0600136185 /* PlayerDataSource.swift */,
			);
			path = DataSource;
			sourceTree = "<group>";
		};
		65EE74E72B6E443000136185 /* View */ = {
			isa = PBXGroup;
			children = (
				65EE74752B694C2E00136185 /* ContentView.swift */,
				65EE74732B694C2E00136185 /* SpotifyApp.swift */,
				65EE74F02B6E458500136185 /* Tabbar */,
				65EE74ED2B6E44DA00136185 /* CustomViews */,
			);
			path = View;
			sourceTree = "<group>";
		};
		65EE74E82B6E444700136185 /* Resources */ = {
			isa = PBXGroup;
			children = (
				65EE74772B694C3500136185 /* Assets.xcassets */,
			);
			path = Resources;
			sourceTree = "<group>";
		};
		65EE74ED2B6E44DA00136185 /* CustomViews */ = {
			isa = PBXGroup;
			children = (
				65EE74E92B6E449E00136185 /* PlayedRecentlyCollectionView.swift */,
				65EE74EB2B6E44CE00136185 /* ProgramsForYouCollectionView.swift */,
				65EE74EE2B6E456A00136185 /* YourProgramsCollectionView.swift */,
				65EE74F12B6E45A400136185 /* HeaderCollectionView.swift */,
				65EE74F32B6FC9D400136185 /* PlayerView.swift */,
				652571AE2B72BABD00AC05DB /* AutoScrollingTextView.swift */,
			);
			path = CustomViews;
			sourceTree = "<group>";
		};
		65EE74F02B6E458500136185 /* Tabbar */ = {
			isa = PBXGroup;
			children = (
				65EE74D32B6D4C0700136185 /* CustomTabBarApp.swift */,
			);
			path = Tabbar;
			sourceTree = "<group>";
		};
/* End PBXGroup section */

/* Begin PBXNativeTarget section */
		65EE746F2B694C2E00136185 /* Spotify */ = {
			isa = PBXNativeTarget;
			buildConfigurationList = 65EE74942B694C3500136185 /* Build configuration list for PBXNativeTarget "Spotify" */;
			buildPhases = (
				65EE746C2B694C2E00136185 /* Sources */,
				65EE746D2B694C2E00136185 /* Frameworks */,
				65EE746E2B694C2E00136185 /* Resources */,
			);
			buildRules = (
			);
			dependencies = (
			);
			name = Spotify;
			productName = Spotify;
			productReference = 65EE74702B694C2E00136185 /* Spotify.app */;
			productType = "com.apple.product-type.application";
		};
		65EE747F2B694C3500136185 /* SpotifyTests */ = {
			isa = PBXNativeTarget;
			buildConfigurationList = 65EE74972B694C3500136185 /* Build configuration list for PBXNativeTarget "SpotifyTests" */;
			buildPhases = (
				65EE747C2B694C3500136185 /* Sources */,
				65EE747D2B694C3500136185 /* Frameworks */,
				65EE747E2B694C3500136185 /* Resources */,
			);
			buildRules = (
			);
			dependencies = (
				65EE74822B694C3500136185 /* PBXTargetDependency */,
			);
			name = SpotifyTests;
			productName = SpotifyTests;
			productReference = 65EE74802B694C3500136185 /* SpotifyTests.xctest */;
			productType = "com.apple.product-type.bundle.unit-test";
		};
		65EE74892B694C3500136185 /* SpotifyUITests */ = {
			isa = PBXNativeTarget;
			buildConfigurationList = 65EE749A2B694C3500136185 /* Build configuration list for PBXNativeTarget "SpotifyUITests" */;
			buildPhases = (
				65EE74862B694C3500136185 /* Sources */,
				65EE74872B694C3500136185 /* Frameworks */,
				65EE74882B694C3500136185 /* Resources */,
			);
			buildRules = (
			);
			dependencies = (
				65EE748C2B694C3500136185 /* PBXTargetDependency */,
			);
			name = SpotifyUITests;
			productName = SpotifyUITests;
			productReference = 65EE748A2B694C3500136185 /* SpotifyUITests.xctest */;
			productType = "com.apple.product-type.bundle.ui-testing";
		};
/* End PBXNativeTarget section */

/* Begin PBXProject section */
		65EE74682B694C2E00136185 /* Project object */ = {
			isa = PBXProject;
			attributes = {
				BuildIndependentTargetsInParallel = 1;
				LastSwiftUpdateCheck = 1500;
				LastUpgradeCheck = 1500;
				TargetAttributes = {
					65EE746F2B694C2E00136185 = {
						CreatedOnToolsVersion = 15.0.1;
					};
					65EE747F2B694C3500136185 = {
						CreatedOnToolsVersion = 15.0.1;
						TestTargetID = 65EE746F2B694C2E00136185;
					};
					65EE74892B694C3500136185 = {
						CreatedOnToolsVersion = 15.0.1;
						TestTargetID = 65EE746F2B694C2E00136185;
					};
				};
			};
			buildConfigurationList = 65EE746B2B694C2E00136185 /* Build configuration list for PBXProject "Spotify" */;
			compatibilityVersion = "Xcode 14.0";
			developmentRegion = en;
			hasScannedForEncodings = 0;
			knownRegions = (
				en,
				Base,
			);
			mainGroup = 65EE74672B694C2E00136185;
			productRefGroup = 65EE74712B694C2E00136185 /* Products */;
			projectDirPath = "";
			projectRoot = "";
			targets = (
				65EE746F2B694C2E00136185 /* Spotify */,
				65EE747F2B694C3500136185 /* SpotifyTests */,
				65EE74892B694C3500136185 /* SpotifyUITests */,
			);
		};
/* End PBXProject section */

/* Begin PBXResourcesBuildPhase section */
		65EE746E2B694C2E00136185 /* Resources */ = {
			isa = PBXResourcesBuildPhase;
			buildActionMask = 2147483647;
			files = (
				65EE747B2B694C3500136185 /* Preview Assets.xcassets in Resources */,
				65EE74782B694C3500136185 /* Assets.xcassets in Resources */,
			);
			runOnlyForDeploymentPostprocessing = 0;
		};
		65EE747E2B694C3500136185 /* Resources */ = {
			isa = PBXResourcesBuildPhase;
			buildActionMask = 2147483647;
			files = (
			);
			runOnlyForDeploymentPostprocessing = 0;
		};
		65EE74882B694C3500136185 /* Resources */ = {
			isa = PBXResourcesBuildPhase;
			buildActionMask = 2147483647;
			files = (
			);
			runOnlyForDeploymentPostprocessing = 0;
		};
/* End PBXResourcesBuildPhase section */

/* Begin PBXSourcesBuildPhase section */
		65EE746C2B694C2E00136185 /* Sources */ = {
			isa = PBXSourcesBuildPhase;
			buildActionMask = 2147483647;
			files = (
				65EE74D72B6D4CCA00136185 /* HeaderDataModel.swift in Sources */,
				65EE74DD2B6D4D1100136185 /* PlayedRecentlyDataModel.swift in Sources */,
				65EE74E22B6D4D9800136185 /* YourProgramsDataSource.swift in Sources */,
				65EE74F42B6FC9D400136185 /* PlayerView.swift in Sources */,
				65EE74EC2B6E44CE00136185 /* ProgramsForYouCollectionView.swift in Sources */,
				65EE74F22B6E45A400136185 /* HeaderCollectionView.swift in Sources */,
				65EE74762B694C2E00136185 /* ContentView.swift in Sources */,
				65EE74D92B6D4CE500136185 /* YourProgramsDataModel.swift in Sources */,
				65EE74F82B6FCC7300136185 /* PlayerDataModel.swift in Sources */,
				65EE74D42B6D4C0700136185 /* CustomTabBarApp.swift in Sources */,
				65EE74E62B6D4E0400136185 /* PlayedRecentlyDataSource.swift in Sources */,
				65EE74E02B6D4D4500136185 /* HeaderDataSource.swift in Sources */,
				65EE74F62B6FCC0600136185 /* PlayerDataSource.swift in Sources */,
				652571AF2B72BABD00AC05DB /* AutoScrollingTextView.swift in Sources */,
				65EE74DB2B6D4CFA00136185 /* ProgramsForYouDataModel.swift in Sources */,
				65EE74EA2B6E449E00136185 /* PlayedRecentlyCollectionView.swift in Sources */,
				65EE74742B694C2E00136185 /* SpotifyApp.swift in Sources */,
				65EE74EF2B6E456A00136185 /* YourProgramsCollectionView.swift in Sources */,
				65EE74E42B6D4DCA00136185 /* ProgramsForYouDataSource.swift in Sources */,
			);
			runOnlyForDeploymentPostprocessing = 0;
		};
		65EE747C2B694C3500136185 /* Sources */ = {
			isa = PBXSourcesBuildPhase;
			buildActionMask = 2147483647;
			files = (
				65EE74852B694C3500136185 /* SpotifyTests.swift in Sources */,
			);
			runOnlyForDeploymentPostprocessing = 0;
		};
		65EE74862B694C3500136185 /* Sources */ = {
			isa = PBXSourcesBuildPhase;
			buildActionMask = 2147483647;
			files = (
				65EE748F2B694C3500136185 /* SpotifyUITests.swift in Sources */,
				65EE74912B694C3500136185 /* SpotifyUITestsLaunchTests.swift in Sources */,
			);
			runOnlyForDeploymentPostprocessing = 0;
		};
/* End PBXSourcesBuildPhase section */

/* Begin PBXTargetDependency section */
		65EE74822B694C3500136185 /* PBXTargetDependency */ = {
			isa = PBXTargetDependency;
			target = 65EE746F2B694C2E00136185 /* Spotify */;
			targetProxy = 65EE74812B694C3500136185 /* PBXContainerItemProxy */;
		};
		65EE748C2B694C3500136185 /* PBXTargetDependency */ = {
			isa = PBXTargetDependency;
			target = 65EE746F2B694C2E00136185 /* Spotify */;
			targetProxy = 65EE748B2B694C3500136185 /* PBXContainerItemProxy */;
		};
/* End PBXTargetDependency section */

/* Begin XCBuildConfiguration section */
		65EE74922B694C3500136185 /* Debug */ = {
			isa = XCBuildConfiguration;
			buildSettings = {
				ALWAYS_SEARCH_USER_PATHS = NO;
				ASSETCATALOG_COMPILER_GENERATE_SWIFT_ASSET_SYMBOL_EXTENSIONS = YES;
				CLANG_ANALYZER_NONNULL = YES;
				CLANG_ANALYZER_NUMBER_OBJECT_CONVERSION = YES_AGGRESSIVE;
				CLANG_CXX_LANGUAGE_STANDARD = "gnu++20";
				CLANG_ENABLE_MODULES = YES;
				CLANG_ENABLE_OBJC_ARC = YES;
				CLANG_ENABLE_OBJC_WEAK = YES;
				CLANG_WARN_BLOCK_CAPTURE_AUTORELEASING = YES;
				CLANG_WARN_BOOL_CONVERSION = YES;
				CLANG_WARN_COMMA = YES;
				CLANG_WARN_CONSTANT_CONVERSION = YES;
				CLANG_WARN_DEPRECATED_OBJC_IMPLEMENTATIONS = YES;
				CLANG_WARN_DIRECT_OBJC_ISA_USAGE = YES_ERROR;
				CLANG_WARN_DOCUMENTATION_COMMENTS = YES;
				CLANG_WARN_EMPTY_BODY = YES;
				CLANG_WARN_ENUM_CONVERSION = YES;
				CLANG_WARN_INFINITE_RECURSION = YES;
				CLANG_WARN_INT_CONVERSION = YES;
				CLANG_WARN_NON_LITERAL_NULL_CONVERSION = YES;
				CLANG_WARN_OBJC_IMPLICIT_RETAIN_SELF = YES;
				CLANG_WARN_OBJC_LITERAL_CONVERSION = YES;
				CLANG_WARN_OBJC_ROOT_CLASS = YES_ERROR;
				CLANG_WARN_QUOTED_INCLUDE_IN_FRAMEWORK_HEADER = YES;
				CLANG_WARN_RANGE_LOOP_ANALYSIS = YES;
				CLANG_WARN_STRICT_PROTOTYPES = YES;
				CLANG_WARN_SUSPICIOUS_MOVE = YES;
				CLANG_WARN_UNGUARDED_AVAILABILITY = YES_AGGRESSIVE;
				CLANG_WARN_UNREACHABLE_CODE = YES;
				CLANG_WARN__DUPLICATE_METHOD_MATCH = YES;
				COPY_PHASE_STRIP = NO;
				DEBUG_INFORMATION_FORMAT = dwarf;
				ENABLE_STRICT_OBJC_MSGSEND = YES;
				ENABLE_TESTABILITY = YES;
				ENABLE_USER_SCRIPT_SANDBOXING = YES;
				GCC_C_LANGUAGE_STANDARD = gnu17;
				GCC_DYNAMIC_NO_PIC = NO;
				GCC_NO_COMMON_BLOCKS = YES;
				GCC_OPTIMIZATION_LEVEL = 0;
				GCC_PREPROCESSOR_DEFINITIONS = (
					"DEBUG=1",
					"$(inherited)",
				);
				GCC_WARN_64_TO_32_BIT_CONVERSION = YES;
				GCC_WARN_ABOUT_RETURN_TYPE = YES_ERROR;
				GCC_WARN_UNDECLARED_SELECTOR = YES;
				GCC_WARN_UNINITIALIZED_AUTOS = YES_AGGRESSIVE;
				GCC_WARN_UNUSED_FUNCTION = YES;
				GCC_WARN_UNUSED_VARIABLE = YES;
				IPHONEOS_DEPLOYMENT_TARGET = 17.0;
				LOCALIZATION_PREFERS_STRING_CATALOGS = YES;
				MTL_ENABLE_DEBUG_INFO = INCLUDE_SOURCE;
				MTL_FAST_MATH = YES;
				ONLY_ACTIVE_ARCH = YES;
				SDKROOT = iphoneos;
				SWIFT_ACTIVE_COMPILATION_CONDITIONS = "DEBUG $(inherited)";
				SWIFT_OPTIMIZATION_LEVEL = "-Onone";
			};
			name = Debug;
		};
		65EE74932B694C3500136185 /* Release */ = {
			isa = XCBuildConfiguration;
			buildSettings = {
				ALWAYS_SEARCH_USER_PATHS = NO;
				ASSETCATALOG_COMPILER_GENERATE_SWIFT_ASSET_SYMBOL_EXTENSIONS = YES;
				CLANG_ANALYZER_NONNULL = YES;
				CLANG_ANALYZER_NUMBER_OBJECT_CONVERSION = YES_AGGRESSIVE;
				CLANG_CXX_LANGUAGE_STANDARD = "gnu++20";
				CLANG_ENABLE_MODULES = YES;
				CLANG_ENABLE_OBJC_ARC = YES;
				CLANG_ENABLE_OBJC_WEAK = YES;
				CLANG_WARN_BLOCK_CAPTURE_AUTORELEASING = YES;
				CLANG_WARN_BOOL_CONVERSION = YES;
				CLANG_WARN_COMMA = YES;
				CLANG_WARN_CONSTANT_CONVERSION = YES;
				CLANG_WARN_DEPRECATED_OBJC_IMPLEMENTATIONS = YES;
				CLANG_WARN_DIRECT_OBJC_ISA_USAGE = YES_ERROR;
				CLANG_WARN_DOCUMENTATION_COMMENTS = YES;
				CLANG_WARN_EMPTY_BODY = YES;
				CLANG_WARN_ENUM_CONVERSION = YES;
				CLANG_WARN_INFINITE_RECURSION = YES;
				CLANG_WARN_INT_CONVERSION = YES;
				CLANG_WARN_NON_LITERAL_NULL_CONVERSION = YES;
				CLANG_WARN_OBJC_IMPLICIT_RETAIN_SELF = YES;
				CLANG_WARN_OBJC_LITERAL_CONVERSION = YES;
				CLANG_WARN_OBJC_ROOT_CLASS = YES_ERROR;
				CLANG_WARN_QUOTED_INCLUDE_IN_FRAMEWORK_HEADER = YES;
				CLANG_WARN_RANGE_LOOP_ANALYSIS = YES;
				CLANG_WARN_STRICT_PROTOTYPES = YES;
				CLANG_WARN_SUSPICIOUS_MOVE = YES;
				CLANG_WARN_UNGUARDED_AVAILABILITY = YES_AGGRESSIVE;
				CLANG_WARN_UNREACHABLE_CODE = YES;
				CLANG_WARN__DUPLICATE_METHOD_MATCH = YES;
				COPY_PHASE_STRIP = NO;
				DEBUG_INFORMATION_FORMAT = "dwarf-with-dsym";
				ENABLE_NS_ASSERTIONS = NO;
				ENABLE_STRICT_OBJC_MSGSEND = YES;
				ENABLE_USER_SCRIPT_SANDBOXING = YES;
				GCC_C_LANGUAGE_STANDARD = gnu17;
				GCC_NO_COMMON_BLOCKS = YES;
				GCC_WARN_64_TO_32_BIT_CONVERSION = YES;
				GCC_WARN_ABOUT_RETURN_TYPE = YES_ERROR;
				GCC_WARN_UNDECLARED_SELECTOR = YES;
				GCC_WARN_UNINITIALIZED_AUTOS = YES_AGGRESSIVE;
				GCC_WARN_UNUSED_FUNCTION = YES;
				GCC_WARN_UNUSED_VARIABLE = YES;
				IPHONEOS_DEPLOYMENT_TARGET = 17.0;
				LOCALIZATION_PREFERS_STRING_CATALOGS = YES;
				MTL_ENABLE_DEBUG_INFO = NO;
				MTL_FAST_MATH = YES;
				SDKROOT = iphoneos;
				SWIFT_COMPILATION_MODE = wholemodule;
				VALIDATE_PRODUCT = YES;
			};
			name = Release;
		};
		65EE74952B694C3500136185 /* Debug */ = {
			isa = XCBuildConfiguration;
			buildSettings = {
				ASSETCATALOG_COMPILER_APPICON_NAME = AppIcon;
				ASSETCATALOG_COMPILER_GLOBAL_ACCENT_COLOR_NAME = AccentColor;
				CODE_SIGN_STYLE = Automatic;
				CURRENT_PROJECT_VERSION = 1;
				DEVELOPMENT_ASSET_PATHS = "\"Spotify/Preview Content\"";
				DEVELOPMENT_TEAM = NTRW2Q55W3;
				ENABLE_PREVIEWS = YES;
				GENERATE_INFOPLIST_FILE = YES;
				INFOPLIST_KEY_UIApplicationSceneManifest_Generation = YES;
				INFOPLIST_KEY_UIApplicationSupportsIndirectInputEvents = YES;
				INFOPLIST_KEY_UILaunchScreen_Generation = YES;
				INFOPLIST_KEY_UISupportedInterfaceOrientations_iPad = "UIInterfaceOrientationPortrait UIInterfaceOrientationPortraitUpsideDown UIInterfaceOrientationLandscapeLeft UIInterfaceOrientationLandscapeRight";
				INFOPLIST_KEY_UISupportedInterfaceOrientations_iPhone = "UIInterfaceOrientationPortrait UIInterfaceOrientationLandscapeLeft UIInterfaceOrientationLandscapeRight";
				LD_RUNPATH_SEARCH_PATHS = (
					"$(inherited)",
					"@executable_path/Frameworks",
				);
				MARKETING_VERSION = 1.0;
				PRODUCT_BUNDLE_IDENTIFIER = com.gabrieldcc.Spotify;
				PRODUCT_NAME = "$(TARGET_NAME)";
				SWIFT_EMIT_LOC_STRINGS = YES;
				SWIFT_VERSION = 5.0;
				TARGETED_DEVICE_FAMILY = "1,2";
			};
			name = Debug;
		};
		65EE74962B694C3500136185 /* Release */ = {
			isa = XCBuildConfiguration;
			buildSettings = {
				ASSETCATALOG_COMPILER_APPICON_NAME = AppIcon;
				ASSETCATALOG_COMPILER_GLOBAL_ACCENT_COLOR_NAME = AccentColor;
				CODE_SIGN_STYLE = Automatic;
				CURRENT_PROJECT_VERSION = 1;
				DEVELOPMENT_ASSET_PATHS = "\"Spotify/Preview Content\"";
				DEVELOPMENT_TEAM = NTRW2Q55W3;
				ENABLE_PREVIEWS = YES;
				GENERATE_INFOPLIST_FILE = YES;
				INFOPLIST_KEY_UIApplicationSceneManifest_Generation = YES;
				INFOPLIST_KEY_UIApplicationSupportsIndirectInputEvents = YES;
				INFOPLIST_KEY_UILaunchScreen_Generation = YES;
				INFOPLIST_KEY_UISupportedInterfaceOrientations_iPad = "UIInterfaceOrientationPortrait UIInterfaceOrientationPortraitUpsideDown UIInterfaceOrientationLandscapeLeft UIInterfaceOrientationLandscapeRight";
				INFOPLIST_KEY_UISupportedInterfaceOrientations_iPhone = "UIInterfaceOrientationPortrait UIInterfaceOrientationLandscapeLeft UIInterfaceOrientationLandscapeRight";
				LD_RUNPATH_SEARCH_PATHS = (
					"$(inherited)",
					"@executable_path/Frameworks",
				);
				MARKETING_VERSION = 1.0;
				PRODUCT_BUNDLE_IDENTIFIER = com.gabrieldcc.Spotify;
				PRODUCT_NAME = "$(TARGET_NAME)";
				SWIFT_EMIT_LOC_STRINGS = YES;
				SWIFT_VERSION = 5.0;
				TARGETED_DEVICE_FAMILY = "1,2";
			};
			name = Release;
		};
		65EE74982B694C3500136185 /* Debug */ = {
			isa = XCBuildConfiguration;
			buildSettings = {
				ALWAYS_EMBED_SWIFT_STANDARD_LIBRARIES = YES;
				BUNDLE_LOADER = "$(TEST_HOST)";
				CODE_SIGN_STYLE = Automatic;
				CURRENT_PROJECT_VERSION = 1;
				DEVELOPMENT_TEAM = NTRW2Q55W3;
				GENERATE_INFOPLIST_FILE = YES;
				IPHONEOS_DEPLOYMENT_TARGET = 17.0;
				MARKETING_VERSION = 1.0;
				PRODUCT_BUNDLE_IDENTIFIER = com.gabrieldcc.SpotifyTests;
				PRODUCT_NAME = "$(TARGET_NAME)";
				SWIFT_EMIT_LOC_STRINGS = NO;
				SWIFT_VERSION = 5.0;
				TARGETED_DEVICE_FAMILY = "1,2";
				TEST_HOST = "$(BUILT_PRODUCTS_DIR)/Spotify.app/$(BUNDLE_EXECUTABLE_FOLDER_PATH)/Spotify";
			};
			name = Debug;
		};
		65EE74992B694C3500136185 /* Release */ = {
			isa = XCBuildConfiguration;
			buildSettings = {
				ALWAYS_EMBED_SWIFT_STANDARD_LIBRARIES = YES;
				BUNDLE_LOADER = "$(TEST_HOST)";
				CODE_SIGN_STYLE = Automatic;
				CURRENT_PROJECT_VERSION = 1;
				DEVELOPMENT_TEAM = NTRW2Q55W3;
				GENERATE_INFOPLIST_FILE = YES;
				IPHONEOS_DEPLOYMENT_TARGET = 17.0;
				MARKETING_VERSION = 1.0;
				PRODUCT_BUNDLE_IDENTIFIER = com.gabrieldcc.SpotifyTests;
				PRODUCT_NAME = "$(TARGET_NAME)";
				SWIFT_EMIT_LOC_STRINGS = NO;
				SWIFT_VERSION = 5.0;
				TARGETED_DEVICE_FAMILY = "1,2";
				TEST_HOST = "$(BUILT_PRODUCTS_DIR)/Spotify.app/$(BUNDLE_EXECUTABLE_FOLDER_PATH)/Spotify";
			};
			name = Release;
		};
		65EE749B2B694C3500136185 /* Debug */ = {
			isa = XCBuildConfiguration;
			buildSettings = {
				ALWAYS_EMBED_SWIFT_STANDARD_LIBRARIES = YES;
				CODE_SIGN_STYLE = Automatic;
				CURRENT_PROJECT_VERSION = 1;
				DEVELOPMENT_TEAM = NTRW2Q55W3;
				GENERATE_INFOPLIST_FILE = YES;
				MARKETING_VERSION = 1.0;
				PRODUCT_BUNDLE_IDENTIFIER = com.gabrieldcc.SpotifyUITests;
				PRODUCT_NAME = "$(TARGET_NAME)";
				SWIFT_EMIT_LOC_STRINGS = NO;
				SWIFT_VERSION = 5.0;
				TARGETED_DEVICE_FAMILY = "1,2";
				TEST_TARGET_NAME = Spotify;
			};
			name = Debug;
		};
		65EE749C2B694C3500136185 /* Release */ = {
			isa = XCBuildConfiguration;
			buildSettings = {
				ALWAYS_EMBED_SWIFT_STANDARD_LIBRARIES = YES;
				CODE_SIGN_STYLE = Automatic;
				CURRENT_PROJECT_VERSION = 1;
				DEVELOPMENT_TEAM = NTRW2Q55W3;
				GENERATE_INFOPLIST_FILE = YES;
				MARKETING_VERSION = 1.0;
				PRODUCT_BUNDLE_IDENTIFIER = com.gabrieldcc.SpotifyUITests;
				PRODUCT_NAME = "$(TARGET_NAME)";
				SWIFT_EMIT_LOC_STRINGS = NO;
				SWIFT_VERSION = 5.0;
				TARGETED_DEVICE_FAMILY = "1,2";
				TEST_TARGET_NAME = Spotify;
			};
			name = Release;
		};
/* End XCBuildConfiguration section */

/* Begin XCConfigurationList section */
		65EE746B2B694C2E00136185 /* Build configuration list for PBXProject "Spotify" */ = {
			isa = XCConfigurationList;
			buildConfigurations = (
				65EE74922B694C3500136185 /* Debug */,
				65EE74932B694C3500136185 /* Release */,
			);
			defaultConfigurationIsVisible = 0;
			defaultConfigurationName = Release;
		};
		65EE74942B694C3500136185 /* Build configuration list for PBXNativeTarget "Spotify" */ = {
			isa = XCConfigurationList;
			buildConfigurations = (
				65EE74952B694C3500136185 /* Debug */,
				65EE74962B694C3500136185 /* Release */,
			);
			defaultConfigurationIsVisible = 0;
			defaultConfigurationName = Release;
		};
		65EE74972B694C3500136185 /* Build configuration list for PBXNativeTarget "SpotifyTests" */ = {
			isa = XCConfigurationList;
			buildConfigurations = (
				65EE74982B694C3500136185 /* Debug */,
				65EE74992B694C3500136185 /* Release */,
			);
			defaultConfigurationIsVisible = 0;
			defaultConfigurationName = Release;
		};
		65EE749A2B694C3500136185 /* Build configuration list for PBXNativeTarget "SpotifyUITests" */ = {
			isa = XCConfigurationList;
			buildConfigurations = (
				65EE749B2B694C3500136185 /* Debug */,
				65EE749C2B694C3500136185 /* Release */,
			);
			defaultConfigurationIsVisible = 0;
			defaultConfigurationName = Release;
		};
/* End XCConfigurationList section */
	};
	rootObject = 65EE74682B694C2E00136185 /* Project object */;
}
